// !$*UTF8*$!
{
	archiveVersion = 1;
	classes = {
	};
	objectVersion = 46;
	objects = {

/* Begin PBXBuildFile section */
		8830D3417E51B00D6888155F /* Pods_ZLFoundation.framework in Frameworks */ = {isa = PBXBuildFile; fileRef = BDD2F34FC519EC8E14E86FDC /* Pods_ZLFoundation.framework */; };
		97B461B21EEE68B200E7D324 /* main.m in Sources */ = {isa = PBXBuildFile; fileRef = 97B461B11EEE68B200E7D324 /* main.m */; };
		97B461B51EEE68B200E7D324 /* AppDelegate.m in Sources */ = {isa = PBXBuildFile; fileRef = 97B461B41EEE68B200E7D324 /* AppDelegate.m */; };
		97B461B81EEE68B200E7D324 /* ViewController.m in Sources */ = {isa = PBXBuildFile; fileRef = 97B461B71EEE68B200E7D324 /* ViewController.m */; };
		97B461BB1EEE68B200E7D324 /* Main.storyboard in Resources */ = {isa = PBXBuildFile; fileRef = 97B461B91EEE68B200E7D324 /* Main.storyboard */; };
		97B461BE1EEE68B200E7D324 /* ZLFoundation.xcdatamodeld in Sources */ = {isa = PBXBuildFile; fileRef = 97B461BC1EEE68B200E7D324 /* ZLFoundation.xcdatamodeld */; };
		97B461C01EEE68B200E7D324 /* Assets.xcassets in Resources */ = {isa = PBXBuildFile; fileRef = 97B461BF1EEE68B200E7D324 /* Assets.xcassets */; };
		97B461C31EEE68B200E7D324 /* LaunchScreen.storyboard in Resources */ = {isa = PBXBuildFile; fileRef = 97B461C11EEE68B200E7D324 /* LaunchScreen.storyboard */; };
		97BAD10F1EEFB18300CB6EAD /* MBProgressHUD+GTExtend.m in Sources */ = {isa = PBXBuildFile; fileRef = 97BAD10E1EEFB18300CB6EAD /* MBProgressHUD+GTExtend.m */; };
		97BAD1381EEFB92100CB6EAD /* AppConfiger.m in Sources */ = {isa = PBXBuildFile; fileRef = 97BAD1131EEFB92100CB6EAD /* AppConfiger.m */; };
		97BAD1391EEFB92100CB6EAD /* PlistManager.m in Sources */ = {isa = PBXBuildFile; fileRef = 97BAD1161EEFB92100CB6EAD /* PlistManager.m */; };
		97BAD13A1EEFB92100CB6EAD /* NSString+Ext.m in Sources */ = {isa = PBXBuildFile; fileRef = 97BAD11C1EEFB92100CB6EAD /* NSString+Ext.m */; };
		97BAD13B1EEFB92100CB6EAD /* UIButton+GTExtend.m in Sources */ = {isa = PBXBuildFile; fileRef = 97BAD11E1EEFB92100CB6EAD /* UIButton+GTExtend.m */; };
		97BAD13C1EEFB92100CB6EAD /* UIImage+Extend.m in Sources */ = {isa = PBXBuildFile; fileRef = 97BAD1201EEFB92100CB6EAD /* UIImage+Extend.m */; };
		97BAD13D1EEFB92100CB6EAD /* UINavigationController+GTExtend.m in Sources */ = {isa = PBXBuildFile; fileRef = 97BAD1221EEFB92100CB6EAD /* UINavigationController+GTExtend.m */; };
		97BAD13E1EEFB92100CB6EAD /* UITableView+TableViewExtend.m in Sources */ = {isa = PBXBuildFile; fileRef = 97BAD1241EEFB92100CB6EAD /* UITableView+TableViewExtend.m */; };
		97BAD13F1EEFB92100CB6EAD /* YBPopupMenu.m in Sources */ = {isa = PBXBuildFile; fileRef = 97BAD1281EEFB92100CB6EAD /* YBPopupMenu.m */; };
		97BAD1401EEFB92100CB6EAD /* YiRefreshFooter.m in Sources */ = {isa = PBXBuildFile; fileRef = 97BAD12B1EEFB92100CB6EAD /* YiRefreshFooter.m */; };
		97BAD1411EEFB92100CB6EAD /* YiRefreshHeader.m in Sources */ = {isa = PBXBuildFile; fileRef = 97BAD12D1EEFB92100CB6EAD /* YiRefreshHeader.m */; };
		97BAD1421EEFB92100CB6EAD /* GCDGroup.m in Sources */ = {isa = PBXBuildFile; fileRef = 97BAD1301EEFB92100CB6EAD /* GCDGroup.m */; };
		97BAD1431EEFB92100CB6EAD /* GCDQueue.m in Sources */ = {isa = PBXBuildFile; fileRef = 97BAD1321EEFB92100CB6EAD /* GCDQueue.m */; };
		97BAD1441EEFB92100CB6EAD /* GCDSemaphore.m in Sources */ = {isa = PBXBuildFile; fileRef = 97BAD1341EEFB92100CB6EAD /* GCDSemaphore.m */; };
		97BAD1451EEFB92100CB6EAD /* GCDTimer.m in Sources */ = {isa = PBXBuildFile; fileRef = 97BAD1361EEFB92100CB6EAD /* GCDTimer.m */; };
/* End PBXBuildFile section */

/* Begin PBXFileReference section */
		4CA1A6264B66C12D5185E33F /* Pods-ZLFoundation.debug.xcconfig */ = {isa = PBXFileReference; includeInIndex = 1; lastKnownFileType = text.xcconfig; name = "Pods-ZLFoundation.debug.xcconfig"; path = "Pods/Target Support Files/Pods-ZLFoundation/Pods-ZLFoundation.debug.xcconfig"; sourceTree = "<group>"; };
		97B461AD1EEE68B200E7D324 /* ZLFoundation.app */ = {isa = PBXFileReference; explicitFileType = wrapper.application; includeInIndex = 0; path = ZLFoundation.app; sourceTree = BUILT_PRODUCTS_DIR; };
		97B461B11EEE68B200E7D324 /* main.m */ = {isa = PBXFileReference; lastKnownFileType = sourcecode.c.objc; path = main.m; sourceTree = "<group>"; };
		97B461B31EEE68B200E7D324 /* AppDelegate.h */ = {isa = PBXFileReference; lastKnownFileType = sourcecode.c.h; path = AppDelegate.h; sourceTree = "<group>"; };
		97B461B41EEE68B200E7D324 /* AppDelegate.m */ = {isa = PBXFileReference; lastKnownFileType = sourcecode.c.objc; path = AppDelegate.m; sourceTree = "<group>"; };
		97B461B61EEE68B200E7D324 /* ViewController.h */ = {isa = PBXFileReference; lastKnownFileType = sourcecode.c.h; path = ViewController.h; sourceTree = "<group>"; };
		97B461B71EEE68B200E7D324 /* ViewController.m */ = {isa = PBXFileReference; lastKnownFileType = sourcecode.c.objc; path = ViewController.m; sourceTree = "<group>"; };
		97B461BA1EEE68B200E7D324 /* Base */ = {isa = PBXFileReference; lastKnownFileType = file.storyboard; name = Base; path = Base.lproj/Main.storyboard; sourceTree = "<group>"; };
		97B461BD1EEE68B200E7D324 /* ZLFoundation.xcdatamodel */ = {isa = PBXFileReference; lastKnownFileType = wrapper.xcdatamodel; path = ZLFoundation.xcdatamodel; sourceTree = "<group>"; };
		97B461BF1EEE68B200E7D324 /* Assets.xcassets */ = {isa = PBXFileReference; lastKnownFileType = folder.assetcatalog; path = Assets.xcassets; sourceTree = "<group>"; };
		97B461C21EEE68B200E7D324 /* Base */ = {isa = PBXFileReference; lastKnownFileType = file.storyboard; name = Base; path = Base.lproj/LaunchScreen.storyboard; sourceTree = "<group>"; };
		97B461C41EEE68B200E7D324 /* Info.plist */ = {isa = PBXFileReference; lastKnownFileType = text.plist.xml; path = Info.plist; sourceTree = "<group>"; };
		97BAD10D1EEFB18300CB6EAD /* MBProgressHUD+GTExtend.h */ = {isa = PBXFileReference; fileEncoding = 4; lastKnownFileType = sourcecode.c.h; path = "MBProgressHUD+GTExtend.h"; sourceTree = "<group>"; };
		97BAD10E1EEFB18300CB6EAD /* MBProgressHUD+GTExtend.m */ = {isa = PBXFileReference; fileEncoding = 4; lastKnownFileType = sourcecode.c.objc; path = "MBProgressHUD+GTExtend.m"; sourceTree = "<group>"; };
		97BAD1121EEFB92100CB6EAD /* AppConfiger.h */ = {isa = PBXFileReference; fileEncoding = 4; lastKnownFileType = sourcecode.c.h; path = AppConfiger.h; sourceTree = "<group>"; };
		97BAD1131EEFB92100CB6EAD /* AppConfiger.m */ = {isa = PBXFileReference; fileEncoding = 4; lastKnownFileType = sourcecode.c.objc; path = AppConfiger.m; sourceTree = "<group>"; };
		97BAD1141EEFB92100CB6EAD /* Constraints.h */ = {isa = PBXFileReference; fileEncoding = 4; lastKnownFileType = sourcecode.c.h; path = Constraints.h; sourceTree = "<group>"; };
		97BAD1151EEFB92100CB6EAD /* PlistManager.h */ = {isa = PBXFileReference; fileEncoding = 4; lastKnownFileType = sourcecode.c.h; path = PlistManager.h; sourceTree = "<group>"; };
		97BAD1161EEFB92100CB6EAD /* PlistManager.m */ = {isa = PBXFileReference; fileEncoding = 4; lastKnownFileType = sourcecode.c.objc; path = PlistManager.m; sourceTree = "<group>"; };
		97BAD1181EEFB92100CB6EAD /* ActionSheetDelegate.h */ = {isa = PBXFileReference; fileEncoding = 4; lastKnownFileType = sourcecode.c.h; path = ActionSheetDelegate.h; sourceTree = "<group>"; };
		97BAD1191EEFB92100CB6EAD /* GTExtendHeader.h */ = {isa = PBXFileReference; fileEncoding = 4; lastKnownFileType = sourcecode.c.h; path = GTExtendHeader.h; sourceTree = "<group>"; };
		97BAD11A1EEFB92100CB6EAD /* NSNumber_Extend.h */ = {isa = PBXFileReference; fileEncoding = 4; lastKnownFileType = sourcecode.c.h; path = NSNumber_Extend.h; sourceTree = "<group>"; };
		97BAD11B1EEFB92100CB6EAD /* NSString+Ext.h */ = {isa = PBXFileReference; fileEncoding = 4; lastKnownFileType = sourcecode.c.h; path = "NSString+Ext.h"; sourceTree = "<group>"; };
		97BAD11C1EEFB92100CB6EAD /* NSString+Ext.m */ = {isa = PBXFileReference; fileEncoding = 4; lastKnownFileType = sourcecode.c.objc; path = "NSString+Ext.m"; sourceTree = "<group>"; };
		97BAD11D1EEFB92100CB6EAD /* UIButton+GTExtend.h */ = {isa = PBXFileReference; fileEncoding = 4; lastKnownFileType = sourcecode.c.h; path = "UIButton+GTExtend.h"; sourceTree = "<group>"; };
		97BAD11E1EEFB92100CB6EAD /* UIButton+GTExtend.m */ = {isa = PBXFileReference; fileEncoding = 4; lastKnownFileType = sourcecode.c.objc; path = "UIButton+GTExtend.m"; sourceTree = "<group>"; };
		97BAD11F1EEFB92100CB6EAD /* UIImage+Extend.h */ = {isa = PBXFileReference; fileEncoding = 4; lastKnownFileType = sourcecode.c.h; path = "UIImage+Extend.h"; sourceTree = "<group>"; };
		97BAD1201EEFB92100CB6EAD /* UIImage+Extend.m */ = {isa = PBXFileReference; fileEncoding = 4; lastKnownFileType = sourcecode.c.objc; path = "UIImage+Extend.m"; sourceTree = "<group>"; };
		97BAD1211EEFB92100CB6EAD /* UINavigationController+GTExtend.h */ = {isa = PBXFileReference; fileEncoding = 4; lastKnownFileType = sourcecode.c.h; path = "UINavigationController+GTExtend.h"; sourceTree = "<group>"; };
		97BAD1221EEFB92100CB6EAD /* UINavigationController+GTExtend.m */ = {isa = PBXFileReference; fileEncoding = 4; lastKnownFileType = sourcecode.c.objc; path = "UINavigationController+GTExtend.m"; sourceTree = "<group>"; };
		97BAD1231EEFB92100CB6EAD /* UITableView+TableViewExtend.h */ = {isa = PBXFileReference; fileEncoding = 4; lastKnownFileType = sourcecode.c.h; path = "UITableView+TableViewExtend.h"; sourceTree = "<group>"; };
		97BAD1241EEFB92100CB6EAD /* UITableView+TableViewExtend.m */ = {isa = PBXFileReference; fileEncoding = 4; lastKnownFileType = sourcecode.c.objc; path = "UITableView+TableViewExtend.m"; sourceTree = "<group>"; };
		97BAD1271EEFB92100CB6EAD /* YBPopupMenu.h */ = {isa = PBXFileReference; fileEncoding = 4; lastKnownFileType = sourcecode.c.h; path = YBPopupMenu.h; sourceTree = "<group>"; };
		97BAD1281EEFB92100CB6EAD /* YBPopupMenu.m */ = {isa = PBXFileReference; fileEncoding = 4; lastKnownFileType = sourcecode.c.objc; path = YBPopupMenu.m; sourceTree = "<group>"; };
		97BAD12A1EEFB92100CB6EAD /* YiRefreshFooter.h */ = {isa = PBXFileReference; fileEncoding = 4; lastKnownFileType = sourcecode.c.h; path = YiRefreshFooter.h; sourceTree = "<group>"; };
		97BAD12B1EEFB92100CB6EAD /* YiRefreshFooter.m */ = {isa = PBXFileReference; fileEncoding = 4; lastKnownFileType = sourcecode.c.objc; path = YiRefreshFooter.m; sourceTree = "<group>"; };
		97BAD12C1EEFB92100CB6EAD /* YiRefreshHeader.h */ = {isa = PBXFileReference; fileEncoding = 4; lastKnownFileType = sourcecode.c.h; path = YiRefreshHeader.h; sourceTree = "<group>"; };
		97BAD12D1EEFB92100CB6EAD /* YiRefreshHeader.m */ = {isa = PBXFileReference; fileEncoding = 4; lastKnownFileType = sourcecode.c.objc; path = YiRefreshHeader.m; sourceTree = "<group>"; };
		97BAD12F1EEFB92100CB6EAD /* GCDGroup.h */ = {isa = PBXFileReference; fileEncoding = 4; lastKnownFileType = sourcecode.c.h; path = GCDGroup.h; sourceTree = "<group>"; };
		97BAD1301EEFB92100CB6EAD /* GCDGroup.m */ = {isa = PBXFileReference; fileEncoding = 4; lastKnownFileType = sourcecode.c.objc; path = GCDGroup.m; sourceTree = "<group>"; };
		97BAD1311EEFB92100CB6EAD /* GCDQueue.h */ = {isa = PBXFileReference; fileEncoding = 4; lastKnownFileType = sourcecode.c.h; path = GCDQueue.h; sourceTree = "<group>"; };
		97BAD1321EEFB92100CB6EAD /* GCDQueue.m */ = {isa = PBXFileReference; fileEncoding = 4; lastKnownFileType = sourcecode.c.objc; path = GCDQueue.m; sourceTree = "<group>"; };
		97BAD1331EEFB92100CB6EAD /* GCDSemaphore.h */ = {isa = PBXFileReference; fileEncoding = 4; lastKnownFileType = sourcecode.c.h; path = GCDSemaphore.h; sourceTree = "<group>"; };
		97BAD1341EEFB92100CB6EAD /* GCDSemaphore.m */ = {isa = PBXFileReference; fileEncoding = 4; lastKnownFileType = sourcecode.c.objc; path = GCDSemaphore.m; sourceTree = "<group>"; };
		97BAD1351EEFB92100CB6EAD /* GCDTimer.h */ = {isa = PBXFileReference; fileEncoding = 4; lastKnownFileType = sourcecode.c.h; path = GCDTimer.h; sourceTree = "<group>"; };
		97BAD1361EEFB92100CB6EAD /* GCDTimer.m */ = {isa = PBXFileReference; fileEncoding = 4; lastKnownFileType = sourcecode.c.objc; path = GCDTimer.m; sourceTree = "<group>"; };
		97BAD1371EEFB92100CB6EAD /* YXGCD.h */ = {isa = PBXFileReference; fileEncoding = 4; lastKnownFileType = sourcecode.c.h; path = YXGCD.h; sourceTree = "<group>"; };
		BDD2F34FC519EC8E14E86FDC /* Pods_ZLFoundation.framework */ = {isa = PBXFileReference; explicitFileType = wrapper.framework; includeInIndex = 0; path = Pods_ZLFoundation.framework; sourceTree = BUILT_PRODUCTS_DIR; };
		DC28E51E95F38A65BB454C0B /* Pods-ZLFoundation.release.xcconfig */ = {isa = PBXFileReference; includeInIndex = 1; lastKnownFileType = text.xcconfig; name = "Pods-ZLFoundation.release.xcconfig"; path = "Pods/Target Support Files/Pods-ZLFoundation/Pods-ZLFoundation.release.xcconfig"; sourceTree = "<group>"; };
/* End PBXFileReference section */

/* Begin PBXFrameworksBuildPhase section */
		97B461AA1EEE68B200E7D324 /* Frameworks */ = {
			isa = PBXFrameworksBuildPhase;
			buildActionMask = 2147483647;
			files = (
				8830D3417E51B00D6888155F /* Pods_ZLFoundation.framework in Frameworks */,
			);
			runOnlyForDeploymentPostprocessing = 0;
		};
/* End PBXFrameworksBuildPhase section */

/* Begin PBXGroup section */
		8AB20A5F26CF0CFF61023D23 /* Pods */ = {
			isa = PBXGroup;
			children = (
				4CA1A6264B66C12D5185E33F /* Pods-ZLFoundation.debug.xcconfig */,
				DC28E51E95F38A65BB454C0B /* Pods-ZLFoundation.release.xcconfig */,
			);
			name = Pods;
			sourceTree = "<group>";
		};
		92867F87AC109BE8A24DAE83 /* Frameworks */ = {
			isa = PBXGroup;
			children = (
				BDD2F34FC519EC8E14E86FDC /* Pods_ZLFoundation.framework */,
			);
			name = Frameworks;
			sourceTree = "<group>";
		};
		97B461A41EEE68B100E7D324 = {
			isa = PBXGroup;
			children = (
				97B461AF1EEE68B200E7D324 /* ZLFoundation */,
				97B461AE1EEE68B200E7D324 /* Products */,
				8AB20A5F26CF0CFF61023D23 /* Pods */,
				92867F87AC109BE8A24DAE83 /* Frameworks */,
			);
			sourceTree = "<group>";
		};
		97B461AE1EEE68B200E7D324 /* Products */ = {
			isa = PBXGroup;
			children = (
				97B461AD1EEE68B200E7D324 /* ZLFoundation.app */,
			);
			name = Products;
			sourceTree = "<group>";
		};
		97B461AF1EEE68B200E7D324 /* ZLFoundation */ = {
			isa = PBXGroup;
			children = (
				97BAD1101EEFB92100CB6EAD /* FKit */,
				97BAD10B1EEFB18300CB6EAD /* Vendor */,
				97B461B31EEE68B200E7D324 /* AppDelegate.h */,
				97B461B41EEE68B200E7D324 /* AppDelegate.m */,
				97B461B61EEE68B200E7D324 /* ViewController.h */,
				97B461B71EEE68B200E7D324 /* ViewController.m */,
				97B461B91EEE68B200E7D324 /* Main.storyboard */,
				97B461BF1EEE68B200E7D324 /* Assets.xcassets */,
				97B461C11EEE68B200E7D324 /* LaunchScreen.storyboard */,
				97B461C41EEE68B200E7D324 /* Info.plist */,
				97B461BC1EEE68B200E7D324 /* ZLFoundation.xcdatamodeld */,
				97B461B01EEE68B200E7D324 /* Supporting Files */,
			);
			path = ZLFoundation;
			sourceTree = "<group>";
		};
		97B461B01EEE68B200E7D324 /* Supporting Files */ = {
			isa = PBXGroup;
			children = (
				97B461B11EEE68B200E7D324 /* main.m */,
			);
			name = "Supporting Files";
			sourceTree = "<group>";
		};
		97BAD10B1EEFB18300CB6EAD /* Vendor */ = {
			isa = PBXGroup;
			children = (
				97BAD10C1EEFB18300CB6EAD /* Extend */,
			);
			path = Vendor;
			sourceTree = "<group>";
		};
		97BAD10C1EEFB18300CB6EAD /* Extend */ = {
			isa = PBXGroup;
			children = (
				97BAD10D1EEFB18300CB6EAD /* MBProgressHUD+GTExtend.h */,
				97BAD10E1EEFB18300CB6EAD /* MBProgressHUD+GTExtend.m */,
			);
			path = Extend;
			sourceTree = "<group>";
		};
		97BAD1101EEFB92100CB6EAD /* FKit */ = {
			isa = PBXGroup;
			children = (
				97BAD1111EEFB92100CB6EAD /* Common */,
				97BAD1171EEFB92100CB6EAD /* Extend */,
				97BAD1251EEFB92100CB6EAD /* Vendor */,
			);
			path = FKit;
			sourceTree = "<group>";
		};
		97BAD1111EEFB92100CB6EAD /* Common */ = {
			isa = PBXGroup;
			children = (
				97BAD1121EEFB92100CB6EAD /* AppConfiger.h */,
				97BAD1131EEFB92100CB6EAD /* AppConfiger.m */,
				97BAD1141EEFB92100CB6EAD /* Constraints.h */,
				97BAD1151EEFB92100CB6EAD /* PlistManager.h */,
				97BAD1161EEFB92100CB6EAD /* PlistManager.m */,
			);
			path = Common;
			sourceTree = "<group>";
		};
		97BAD1171EEFB92100CB6EAD /* Extend */ = {
			isa = PBXGroup;
			children = (
				97BAD1181EEFB92100CB6EAD /* ActionSheetDelegate.h */,
				97BAD1191EEFB92100CB6EAD /* GTExtendHeader.h */,
				97BAD11A1EEFB92100CB6EAD /* NSNumber_Extend.h */,
				97BAD11B1EEFB92100CB6EAD /* NSString+Ext.h */,
				97BAD11C1EEFB92100CB6EAD /* NSString+Ext.m */,
				97BAD11D1EEFB92100CB6EAD /* UIButton+GTExtend.h */,
				97BAD11E1EEFB92100CB6EAD /* UIButton+GTExtend.m */,
				97BAD11F1EEFB92100CB6EAD /* UIImage+Extend.h */,
				97BAD1201EEFB92100CB6EAD /* UIImage+Extend.m */,
				97BAD1211EEFB92100CB6EAD /* UINavigationController+GTExtend.h */,
				97BAD1221EEFB92100CB6EAD /* UINavigationController+GTExtend.m */,
				97BAD1231EEFB92100CB6EAD /* UITableView+TableViewExtend.h */,
				97BAD1241EEFB92100CB6EAD /* UITableView+TableViewExtend.m */,
			);
			path = Extend;
			sourceTree = "<group>";
		};
		97BAD1251EEFB92100CB6EAD /* Vendor */ = {
			isa = PBXGroup;
			children = (
				97BAD1261EEFB92100CB6EAD /* YBPopupMenu */,
				97BAD1291EEFB92100CB6EAD /* YiRefresh */,
				97BAD12E1EEFB92100CB6EAD /* YXGCD */,
			);
			path = Vendor;
			sourceTree = "<group>";
		};
		97BAD1261EEFB92100CB6EAD /* YBPopupMenu */ = {
			isa = PBXGroup;
			children = (
				97BAD1271EEFB92100CB6EAD /* YBPopupMenu.h */,
				97BAD1281EEFB92100CB6EAD /* YBPopupMenu.m */,
			);
			path = YBPopupMenu;
			sourceTree = "<group>";
		};
		97BAD1291EEFB92100CB6EAD /* YiRefresh */ = {
			isa = PBXGroup;
			children = (
				97BAD12A1EEFB92100CB6EAD /* YiRefreshFooter.h */,
				97BAD12B1EEFB92100CB6EAD /* YiRefreshFooter.m */,
				97BAD12C1EEFB92100CB6EAD /* YiRefreshHeader.h */,
				97BAD12D1EEFB92100CB6EAD /* YiRefreshHeader.m */,
			);
			path = YiRefresh;
			sourceTree = "<group>";
		};
		97BAD12E1EEFB92100CB6EAD /* YXGCD */ = {
			isa = PBXGroup;
			children = (
				97BAD12F1EEFB92100CB6EAD /* GCDGroup.h */,
				97BAD1301EEFB92100CB6EAD /* GCDGroup.m */,
				97BAD1311EEFB92100CB6EAD /* GCDQueue.h */,
				97BAD1321EEFB92100CB6EAD /* GCDQueue.m */,
				97BAD1331EEFB92100CB6EAD /* GCDSemaphore.h */,
				97BAD1341EEFB92100CB6EAD /* GCDSemaphore.m */,
				97BAD1351EEFB92100CB6EAD /* GCDTimer.h */,
				97BAD1361EEFB92100CB6EAD /* GCDTimer.m */,
				97BAD1371EEFB92100CB6EAD /* YXGCD.h */,
			);
			path = YXGCD;
			sourceTree = "<group>";
		};
/* End PBXGroup section */

/* Begin PBXNativeTarget section */
		97B461AC1EEE68B200E7D324 /* ZLFoundation */ = {
			isa = PBXNativeTarget;
			buildConfigurationList = 97B461C71EEE68B200E7D324 /* Build configuration list for PBXNativeTarget "ZLFoundation" */;
			buildPhases = (
				394E03B221421D2F8BBB2CF0 /* [CP] Check Pods Manifest.lock */,
				97B461A91EEE68B200E7D324 /* Sources */,
				97B461AA1EEE68B200E7D324 /* Frameworks */,
				97B461AB1EEE68B200E7D324 /* Resources */,
				43A9356EA01F7671BAA852B0 /* [CP] Embed Pods Frameworks */,
				DF2A5429F597011B59BECFCF /* [CP] Copy Pods Resources */,
			);
			buildRules = (
			);
			dependencies = (
			);
			name = ZLFoundation;
			productName = ZLFoundation;
			productReference = 97B461AD1EEE68B200E7D324 /* ZLFoundation.app */;
			productType = "com.apple.product-type.application";
		};
/* End PBXNativeTarget section */

/* Begin PBXProject section */
		97B461A51EEE68B100E7D324 /* Project object */ = {
			isa = PBXProject;
			attributes = {
				LastUpgradeCheck = 0830;
				ORGANIZATIONNAME = zoulin;
				TargetAttributes = {
					97B461AC1EEE68B200E7D324 = {
						CreatedOnToolsVersion = 8.3.2;
						ProvisioningStyle = Automatic;
					};
				};
			};
			buildConfigurationList = 97B461A81EEE68B200E7D324 /* Build configuration list for PBXProject "ZLFoundation" */;
			compatibilityVersion = "Xcode 3.2";
			developmentRegion = English;
			hasScannedForEncodings = 0;
			knownRegions = (
				en,
				Base,
			);
			mainGroup = 97B461A41EEE68B100E7D324;
			productRefGroup = 97B461AE1EEE68B200E7D324 /* Products */;
			projectDirPath = "";
			projectRoot = "";
			targets = (
				97B461AC1EEE68B200E7D324 /* ZLFoundation */,
			);
		};
/* End PBXProject section */

/* Begin PBXResourcesBuildPhase section */
		97B461AB1EEE68B200E7D324 /* Resources */ = {
			isa = PBXResourcesBuildPhase;
			buildActionMask = 2147483647;
			files = (
				97B461C31EEE68B200E7D324 /* LaunchScreen.storyboard in Resources */,
				97B461C01EEE68B200E7D324 /* Assets.xcassets in Resources */,
				97B461BB1EEE68B200E7D324 /* Main.storyboard in Resources */,
			);
			runOnlyForDeploymentPostprocessing = 0;
		};
/* End PBXResourcesBuildPhase section */

/* Begin PBXShellScriptBuildPhase section */
		394E03B221421D2F8BBB2CF0 /* [CP] Check Pods Manifest.lock */ = {
			isa = PBXShellScriptBuildPhase;
			buildActionMask = 2147483647;
			files = (
			);
			inputPaths = (
			);
			name = "[CP] Check Pods Manifest.lock";
			outputPaths = (
			);
			runOnlyForDeploymentPostprocessing = 0;
			shellPath = /bin/sh;
			shellScript = "diff \"${PODS_PODFILE_DIR_PATH}/Podfile.lock\" \"${PODS_ROOT}/Manifest.lock\" > /dev/null\nif [ $? != 0 ] ; then\n    # print error to STDERR\n    echo \"error: The sandbox is not in sync with the Podfile.lock. Run 'pod install' or update your CocoaPods installation.\" >&2\n    exit 1\nfi\n";
			showEnvVarsInLog = 0;
		};
		43A9356EA01F7671BAA852B0 /* [CP] Embed Pods Frameworks */ = {
			isa = PBXShellScriptBuildPhase;
			buildActionMask = 2147483647;
			files = (
			);
			inputPaths = (
			);
			name = "[CP] Embed Pods Frameworks";
			outputPaths = (
			);
			runOnlyForDeploymentPostprocessing = 0;
			shellPath = /bin/sh;
			shellScript = "\"${SRCROOT}/Pods/Target Support Files/Pods-ZLFoundation/Pods-ZLFoundation-frameworks.sh\"\n";
			showEnvVarsInLog = 0;
		};
		DF2A5429F597011B59BECFCF /* [CP] Copy Pods Resources */ = {
			isa = PBXShellScriptBuildPhase;
			buildActionMask = 2147483647;
			files = (
			);
			inputPaths = (
			);
			name = "[CP] Copy Pods Resources";
			outputPaths = (
			);
			runOnlyForDeploymentPostprocessing = 0;
			shellPath = /bin/sh;
			shellScript = "\"${SRCROOT}/Pods/Target Support Files/Pods-ZLFoundation/Pods-ZLFoundation-resources.sh\"\n";
			showEnvVarsInLog = 0;
		};
/* End PBXShellScriptBuildPhase section */

/* Begin PBXSourcesBuildPhase section */
		97B461A91EEE68B200E7D324 /* Sources */ = {
			isa = PBXSourcesBuildPhase;
			buildActionMask = 2147483647;
			files = (
				97BAD1421EEFB92100CB6EAD /* GCDGroup.m in Sources */,
				97BAD1431EEFB92100CB6EAD /* GCDQueue.m in Sources */,
				97BAD1391EEFB92100CB6EAD /* PlistManager.m in Sources */,
				97B461B81EEE68B200E7D324 /* ViewController.m in Sources */,
				97BAD1401EEFB92100CB6EAD /* YiRefreshFooter.m in Sources */,
				97BAD1451EEFB92100CB6EAD /* GCDTimer.m in Sources */,
				97BAD10F1EEFB18300CB6EAD /* MBProgressHUD+GTExtend.m in Sources */,
				97BAD1411EEFB92100CB6EAD /* YiRefreshHeader.m in Sources */,
				97BAD13D1EEFB92100CB6EAD /* UINavigationController+GTExtend.m in Sources */,
				97BAD1381EEFB92100CB6EAD /* AppConfiger.m in Sources */,
				97B461B51EEE68B200E7D324 /* AppDelegate.m in Sources */,
				97BAD13A1EEFB92100CB6EAD /* NSString+Ext.m in Sources */,
				97B461BE1EEE68B200E7D324 /* ZLFoundation.xcdatamodeld in Sources */,
				97BAD13C1EEFB92100CB6EAD /* UIImage+Extend.m in Sources */,
				97B461B21EEE68B200E7D324 /* main.m in Sources */,
				97BAD13B1EEFB92100CB6EAD /* UIButton+GTExtend.m in Sources */,
				97BAD13F1EEFB92100CB6EAD /* YBPopupMenu.m in Sources */,
				97BAD13E1EEFB92100CB6EAD /* UITableView+TableViewExtend.m in Sources */,
				97BAD1441EEFB92100CB6EAD /* GCDSemaphore.m in Sources */,
			);
			runOnlyForDeploymentPostprocessing = 0;
		};
/* End PBXSourcesBuildPhase section */

/* Begin PBXVariantGroup section */
		97B461B91EEE68B200E7D324 /* Main.storyboard */ = {
			isa = PBXVariantGroup;
			children = (
				97B461BA1EEE68B200E7D324 /* Base */,
			);
			name = Main.storyboard;
			sourceTree = "<group>";
		};
		97B461C11EEE68B200E7D324 /* LaunchScreen.storyboard */ = {
			isa = PBXVariantGroup;
			children = (
				97B461C21EEE68B200E7D324 /* Base */,
			);
			name = LaunchScreen.storyboard;
			sourceTree = "<group>";
		};
/* End PBXVariantGroup section */

/* Begin XCBuildConfiguration section */
		97B461C51EEE68B200E7D324 /* Debug */ = {
			isa = XCBuildConfiguration;
			buildSettings = {
				ALWAYS_SEARCH_USER_PATHS = NO;
				CLANG_ANALYZER_NONNULL = YES;
				CLANG_ANALYZER_NUMBER_OBJECT_CONVERSION = YES_AGGRESSIVE;
				CLANG_CXX_LANGUAGE_STANDARD = "gnu++0x";
				CLANG_CXX_LIBRARY = "libc++";
				CLANG_ENABLE_MODULES = YES;
				CLANG_ENABLE_OBJC_ARC = YES;
				CLANG_WARN_BOOL_CONVERSION = YES;
				CLANG_WARN_CONSTANT_CONVERSION = YES;
				CLANG_WARN_DIRECT_OBJC_ISA_USAGE = YES_ERROR;
				CLANG_WARN_DOCUMENTATION_COMMENTS = YES;
				CLANG_WARN_EMPTY_BODY = YES;
				CLANG_WARN_ENUM_CONVERSION = YES;
				CLANG_WARN_INFINITE_RECURSION = YES;
				CLANG_WARN_INT_CONVERSION = YES;
				CLANG_WARN_OBJC_ROOT_CLASS = YES_ERROR;
				CLANG_WARN_SUSPICIOUS_MOVE = YES;
				CLANG_WARN_UNREACHABLE_CODE = YES;
				CLANG_WARN__DUPLICATE_METHOD_MATCH = YES;
				"CODE_SIGN_IDENTITY[sdk=iphoneos*]" = "iPhone Developer";
				COPY_PHASE_STRIP = NO;
				DEBUG_INFORMATION_FORMAT = dwarf;
				ENABLE_STRICT_OBJC_MSGSEND = YES;
				ENABLE_TESTABILITY = YES;
				GCC_C_LANGUAGE_STANDARD = gnu99;
				GCC_DYNAMIC_NO_PIC = NO;
				GCC_NO_COMMON_BLOCKS = YES;
				GCC_OPTIMIZATION_LEVEL = 0;
				GCC_PREPROCESSOR_DEFINITIONS = (
					"DEBUG=1",
					"$(inherited)",
				);
				GCC_WARN_64_TO_32_BIT_CONVERSION = YES;
				GCC_WARN_ABOUT_RETURN_TYPE = YES_ERROR;
				GCC_WARN_UNDECLARED_SELECTOR = YES;
				GCC_WARN_UNINITIALIZED_AUTOS = YES_AGGRESSIVE;
				GCC_WARN_UNUSED_FUNCTION = YES;
				GCC_WARN_UNUSED_VARIABLE = YES;
				IPHONEOS_DEPLOYMENT_TARGET = 8.0;
				MTL_ENABLE_DEBUG_INFO = YES;
				ONLY_ACTIVE_ARCH = YES;
				SDKROOT = iphoneos;
			};
			name = Debug;
		};
		97B461C61EEE68B200E7D324 /* Release */ = {
			isa = XCBuildConfiguration;
			buildSettings = {
				ALWAYS_SEARCH_USER_PATHS = NO;
				CLANG_ANALYZER_NONNULL = YES;
				CLANG_ANALYZER_NUMBER_OBJECT_CONVERSION = YES_AGGRESSIVE;
				CLANG_CXX_LANGUAGE_STANDARD = "gnu++0x";
				CLANG_CXX_LIBRARY = "libc++";
				CLANG_ENABLE_MODULES = YES;
				CLANG_ENABLE_OBJC_ARC = YES;
				CLANG_WARN_BOOL_CONVERSION = YES;
				CLANG_WARN_CONSTANT_CONVERSION = YES;
				CLANG_WARN_DIRECT_OBJC_ISA_USAGE = YES_ERROR;
				CLANG_WARN_DOCUMENTATION_COMMENTS = YES;
				CLANG_WARN_EMPTY_BODY = YES;
				CLANG_WARN_ENUM_CONVERSION = YES;
				CLANG_WARN_INFINITE_RECURSION = YES;
				CLANG_WARN_INT_CONVERSION = YES;
				CLANG_WARN_OBJC_ROOT_CLASS = YES_ERROR;
				CLANG_WARN_SUSPICIOUS_MOVE = YES;
				CLANG_WARN_UNREACHABLE_CODE = YES;
				CLANG_WARN__DUPLICATE_METHOD_MATCH = YES;
				"CODE_SIGN_IDENTITY[sdk=iphoneos*]" = "iPhone Developer";
				COPY_PHASE_STRIP = NO;
				DEBUG_INFORMATION_FORMAT = "dwarf-with-dsym";
				ENABLE_NS_ASSERTIONS = NO;
				ENABLE_STRICT_OBJC_MSGSEND = YES;
				GCC_C_LANGUAGE_STANDARD = gnu99;
				GCC_NO_COMMON_BLOCKS = YES;
				GCC_WARN_64_TO_32_BIT_CONVERSION = YES;
				GCC_WARN_ABOUT_RETURN_TYPE = YES_ERROR;
				GCC_WARN_UNDECLARED_SELECTOR = YES;
				GCC_WARN_UNINITIALIZED_AUTOS = YES_AGGRESSIVE;
				GCC_WARN_UNUSED_FUNCTION = YES;
				GCC_WARN_UNUSED_VARIABLE = YES;
				IPHONEOS_DEPLOYMENT_TARGET = 8.0;
				MTL_ENABLE_DEBUG_INFO = NO;
				SDKROOT = iphoneos;
				VALIDATE_PRODUCT = YES;
			};
			name = Release;
		};
		97B461C81EEE68B200E7D324 /* Debug */ = {
			isa = XCBuildConfiguration;
			baseConfigurationReference = 4CA1A6264B66C12D5185E33F /* Pods-ZLFoundation.debug.xcconfig */;
			buildSettings = {
				ASSETCATALOG_COMPILER_APPICON_NAME = AppIcon;
				INFOPLIST_FILE = ZLFoundation/Info.plist;
				LD_RUNPATH_SEARCH_PATHS = "$(inherited) @executable_path/Frameworks";
				PRODUCT_BUNDLE_IDENTIFIER = zoulin.ZLFoundation;
				PRODUCT_NAME = "$(TARGET_NAME)";
			};
			name = Debug;
		};
		97B461C91EEE68B200E7D324 /* Release */ = {
			isa = XCBuildConfiguration;
			baseConfigurationReference = DC28E51E95F38A65BB454C0B /* Pods-ZLFoundation.release.xcconfig */;
			buildSettings = {
				ASSETCATALOG_COMPILER_APPICON_NAME = AppIcon;
				INFOPLIST_FILE = ZLFoundation/Info.plist;
				LD_RUNPATH_SEARCH_PATHS = "$(inherited) @executable_path/Frameworks";
				PRODUCT_BUNDLE_IDENTIFIER = zoulin.ZLFoundation;
				PRODUCT_NAME = "$(TARGET_NAME)";
			};
			name = Release;
		};
/* End XCBuildConfiguration section */

/* Begin XCConfigurationList section */
		97B461A81EEE68B200E7D324 /* Build configuration list for PBXProject "ZLFoundation" */ = {
			isa = XCConfigurationList;
			buildConfigurations = (
				97B461C51EEE68B200E7D324 /* Debug */,
				97B461C61EEE68B200E7D324 /* Release */,
			);
			defaultConfigurationIsVisible = 0;
			defaultConfigurationName = Release;
		};
		97B461C71EEE68B200E7D324 /* Build configuration list for PBXNativeTarget "ZLFoundation" */ = {
			isa = XCConfigurationList;
			buildConfigurations = (
				97B461C81EEE68B200E7D324 /* Debug */,
				97B461C91EEE68B200E7D324 /* Release */,
			);
			defaultConfigurationIsVisible = 0;
			defaultConfigurationName = Release;
		};
/* End XCConfigurationList section */

/* Begin XCVersionGroup section */
		97B461BC1EEE68B200E7D324 /* ZLFoundation.xcdatamodeld */ = {
			isa = XCVersionGroup;
			children = (
				97B461BD1EEE68B200E7D324 /* ZLFoundation.xcdatamodel */,
			);
			currentVersion = 97B461BD1EEE68B200E7D324 /* ZLFoundation.xcdatamodel */;
			path = ZLFoundation.xcdatamodeld;
			sourceTree = "<group>";
			versionGroupType = wrapper.xcdatamodel;
		};
/* End XCVersionGroup section */
	};
	rootObject = 97B461A51EEE68B100E7D324 /* Project object */;
}
