PODS:
  - AFNetworking (3.1.0):
    - AFNetworking/NSURLSession (= 3.1.0)
    - AFNetworking/Reachability (= 3.1.0)
    - AFNetworking/Security (= 3.1.0)
    - AFNetworking/Serialization (= 3.1.0)
    - AFNetworking/UIKit (= 3.1.0)
  - AFNetworking/NSURLSession (3.1.0):
    - AFNetworking/Reachability
    - AFNetworking/Security
    - AFNetworking/Serialization
  - AFNetworking/Reachability (3.1.0)
  - AFNetworking/Security (3.1.0)
  - AFNetworking/Serialization (3.1.0)
  - AFNetworking/UIKit (3.1.0):
    - AFNetworking/NSURLSession
  - AMap3DMap-NO-IDFA (5.0.0):
    - AMapFoundation-NO-IDFA (~> 1.3)
  - AMapFoundation-NO-IDFA (1.4.0)
  - AMapNavi-NO-IDFA (5.0.0):
    - AMap3DMap-NO-IDFA (~> 5.0)
    - AMapFoundation-NO-IDFA (~> 1.3)
  - CocoaLumberjack (2.0.3):
    - CocoaLumberjack/Default (= 2.0.3)
    - CocoaLumberjack/Extensions (= 2.0.3)
  - CocoaLumberjack/Core (2.0.3)
  - CocoaLumberjack/Default (2.0.3):
    - CocoaLumberjack/Core
  - CocoaLumberjack/Extensions (2.0.3):
    - CocoaLumberjack/Default
  - DZNEmptyDataSet (1.8.1)
  - FMDB (2.6.2):
    - FMDB/standard (= 2.6.2)
  - FMDB/SQLCipher (2.6.2):
    - SQLCipher
  - FMDB/standard (2.6.2)
  - FMDBx (0.7.0):
    - FMDB
  - Masonry (1.0.2)
  - MBProgressHUD (1.0.0)
  - MJRefresh (3.1.12)
  - pop (1.0.9)
  - Reachability (3.0.0)
  - SDWebImage (3.8.2):
    - SDWebImage/Core (= 3.8.2)
  - SDWebImage/Core (3.8.2)
  - SnapKit (3.2.0)
  - SQLCipher (3.4.1):
    - SQLCipher/standard (= 3.4.1)
  - SQLCipher/common (3.4.1)
  - SQLCipher/standard (3.4.1):
    - SQLCipher/common
  - SVProgressHUD (1.1.3)
  - UMengAnalytics-NO-IDFA (4.2.5)
  - XMLDictionary (1.4.1)

DEPENDENCIES:
  - AFNetworking (~> 3.1.0)
  - AMapNavi-NO-IDFA
  - CocoaLumberjack (~> 2.0.1)
  - DZNEmptyDataSet (~> 1.8.1)
  - FMDB (~> 2.6.2)
  - FMDB/SQLCipher
  - FMDBx (~> 0.7.0)
  - Masonry (~> 1.0.2)
  - MBProgressHUD (~> 1.0.0)
  - MJRefresh (~> 3.1.12)
  - pop (~> 1.0.9)
  - Reachability (~> 3.0.0)
  - SDWebImage (~> 3.8)
  - SnapKit (~> 3.2.0)
  - SVProgressHUD (~> 1.1.3)
  - UMengAnalytics-NO-IDFA (~> 4.2.5)
  - XMLDictionary (~> 1.4)

SPEC CHECKSUMS:
  AFNetworking: 5e0e199f73d8626b11e79750991f5d173d1f8b67
  AMap3DMap-NO-IDFA: 0711f9634a5a41efb6ac79fc5137b681673fb6b9
  AMapFoundation-NO-IDFA: d1ba541a56737c2048115a745b1dfcbe9901c248
  AMapNavi-NO-IDFA: fca8602b6afdbad14b1e5d08482c64d63a96ce7a
  CocoaLumberjack: f58d8a19629f4d8379ae14bb3534def24161430e
  DZNEmptyDataSet: 9525833b9e68ac21c30253e1d3d7076cc828eaa7
  FMDB: 854a0341b4726e53276f2a8996f06f1b80f9259a
  FMDBx: 2ba542e70ed22ed63e79db5ce72c33706aaaf81b
  Masonry: 7c429b56da9d4ee0bbb3ed77a5ea710d6a5df39e
  MBProgressHUD: 4890f671c94e8a0f3cf959aa731e9de2f036d71a
  MJRefresh: b96cdb21c4aa75a7b07654311ab2f315c497e806
  pop: f667631a5108a2e60d9e8797c9b32ddaf2080bce
  Reachability: 31e4272bd8378e094beaf6609dc182c85c4e6574
  SDWebImage: 098e97e6176540799c27e804c96653ee0833d13c
  SnapKit: 1ca44df72cfa543218d177cb8aab029d10d86ea7
  SQLCipher: 43d12c0eb9c57fb438749618fc3ce0065509a559
  SVProgressHUD: 748080e4f36e603f6c02aec292664239df5279c1
  UMengAnalytics-NO-IDFA: 16666e32edce5be44ae5b14aaaa7f3582e09d6ab
  XMLDictionary: fa07b6ff422b3a91d47a5de9bc82e3fc04fbd167

PODFILE CHECKSUM: 3c541064e3b20364097320abb31143cdea1dadf2

COCOAPODS: 1.2.1
